
Microsoft Visual Studio Solution File, Format Version 12.00
# Visual Studio Version 17
VisualStudioVersion = 17.3.32819.101
MinimumVisualStudioVersion = 10.0.40219.1
Project("{FAE04EC0-301F-11D3-BF4B-00C04F79EFBC}") = "uppgift2.13", "uppgift2.13\uppgift2.13.csproj", "{7FF7EC33-0D5D-4338-8A77-B283C38FC1EF}"
EndProject
Global
	GlobalSection(SolutionConfigurationPlatforms) = preSolution
		Debug|Any CPU = Debug|Any CPU
		Release|Any CPU = Release|Any CPU
	EndGlobalSection
	GlobalSection(ProjectConfigurationPlatforms) = postSolution
		{7FF7EC33-0D5D-4338-8A77-B283C38FC1EF}.Debug|Any CPU.ActiveCfg = Debug|Any CPU
		{7FF7EC33-0D5D-4338-8A77-B283C38FC1EF}.Debug|Any CPU.Build.0 = Debug|Any CPU
		{7FF7EC33-0D5D-4338-8A77-B283C38FC1EF}.Release|Any CPU.ActiveCfg = Release|Any CPU
		{7FF7EC33-0D5D-4338-8A77-B283C38FC1EF}.Release|Any CPU.Build.0 = Release|Any CPU
	EndGlobalSection
	GlobalSection(SolutionProperties) = preSolution
		HideSolutionNode = FALSE
	EndGlobalSection
	GlobalSection(ExtensibilityGlobals) = postSolution
		SolutionGuid = {6A3336DF-BBEB-43C4-AC0A-BA31B6105874}
	EndGlobalSection
EndGlobal
